
Microsoft Visual Studio Solution File, Format Version 12.00
# Visual Studio Version 17
VisualStudioVersion = 17.14.36414.22 d17.14
MinimumVisualStudioVersion = 10.0.40219.1
Project("{FAE04EC0-301F-11D3-BF4B-00C04F79EFBC}") = "CompareFaces", "CompareFaces\CompareFaces.csproj", "{D62292B1-95B2-4141-A649-40C1C8375C2A}"
EndProject
Global
	GlobalSection(SolutionConfigurationPlatforms) = preSolution
		Debug|Any CPU = Debug|Any CPU
		Release|Any CPU = Release|Any CPU
	EndGlobalSection
	GlobalSection(ProjectConfigurationPlatforms) = postSolution
		{D62292B1-95B2-4141-A649-40C1C8375C2A}.Debug|Any CPU.ActiveCfg = Debug|Any CPU
		{D62292B1-95B2-4141-A649-40C1C8375C2A}.Debug|Any CPU.Build.0 = Debug|Any CPU
		{D62292B1-95B2-4141-A649-40C1C8375C2A}.Release|Any CPU.ActiveCfg = Release|Any CPU
		{D62292B1-95B2-4141-A649-40C1C8375C2A}.Release|Any CPU.Build.0 = Release|Any CPU
	EndGlobalSection
	GlobalSection(SolutionProperties) = preSolution
		HideSolutionNode = FALSE
	EndGlobalSection
	GlobalSection(ExtensibilityGlobals) = postSolution
		SolutionGuid = {290118B6-F362-44D5-B953-BA9CCC2ACA45}
	EndGlobalSection
EndGlobal
